{
  "name": "jiudao",
  "version": "1.0.0",
  "lockfileVersion": 1,
  "requires": true,
  "dependencies": {
    "lin-ui": {
      "version": "0.5.15",
      "resolved": "https://registry.npmjs.org/lin-ui/-/lin-ui-0.5.15.tgz",
      "integrity": "sha512-9mxkamYOSl4ujo8o7VItle0TJ9ATYb7PdavVIl5XTjXXGSbyRJH8zT0qayaMVceMwKwTrgWvTwKYUWRcHsWaOA=="
    }
  }
}
